
Microsoft Visual Studio Solution File, Format Version 12.00
# Visual Studio Version 17
VisualStudioVersion = 17.7.34202.233
MinimumVisualStudioVersion = 10.0.40219.1
Project("{FAE04EC0-301F-11D3-BF4B-00C04F79EFBC}") = "Rent-Property", "Rent-Property\Rent-Property.csproj", "{924F376D-9F8A-40C4-8416-92BEDBCEA550}"
EndProject
Global
	GlobalSection(SolutionConfigurationPlatforms) = preSolution
		Debug|Any CPU = Debug|Any CPU
		Release|Any CPU = Release|Any CPU
	EndGlobalSection
	GlobalSection(ProjectConfigurationPlatforms) = postSolution
		{924F376D-9F8A-40C4-8416-92BEDBCEA550}.Debug|Any CPU.ActiveCfg = Debug|Any CPU
		{924F376D-9F8A-40C4-8416-92BEDBCEA550}.Debug|Any CPU.Build.0 = Debug|Any CPU
		{924F376D-9F8A-40C4-8416-92BEDBCEA550}.Release|Any CPU.ActiveCfg = Release|Any CPU
		{924F376D-9F8A-40C4-8416-92BEDBCEA550}.Release|Any CPU.Build.0 = Release|Any CPU
	EndGlobalSection
	GlobalSection(SolutionProperties) = preSolution
		HideSolutionNode = FALSE
	EndGlobalSection
	GlobalSection(ExtensibilityGlobals) = postSolution
		SolutionGuid = {923B455E-9CCD-43FB-9E18-61AFF4B4BC00}
	EndGlobalSection
EndGlobal
